
Microsoft Visual Studio Solution File, Format Version 11.00
# Visual Studio 2010
Project("{FAE04EC0-301F-11D3-BF4B-00C04F79EFBC}") = "NAnt.Console", "src\NAnt.Console\NAnt.Console.csproj", "{859696F8-F405-4018-A155-D34561498A3E}"
EndProject
Project("{FAE04EC0-301F-11D3-BF4B-00C04F79EFBC}") = "NAnt.Tests", "tests\NAnt.Tests.csproj", "{F77EA08E-9473-436A-BBA3-880139A341B1}"
	ProjectSection(ProjectDependencies) = postProject
		{8F80C098-94A4-44DB-A25D-C9E455FC3120} = {8F80C098-94A4-44DB-A25D-C9E455FC3120}
		{A154DB17-7263-44E3-838E-1E4C4946B7D8} = {A154DB17-7263-44E3-838E-1E4C4946B7D8}
		{B50A1067-785B-4686-8FFC-5AF424BEF163} = {B50A1067-785B-4686-8FFC-5AF424BEF163}
		{8F5F8375-4097-4952-B860-784EB9961ABE} = {8F5F8375-4097-4952-B860-784EB9961ABE}
	EndProjectSection
EndProject
Project("{FAE04EC0-301F-11D3-BF4B-00C04F79EFBC}") = "NAnt.DotNet", "src\NAnt.DotNet\NAnt.DotNet.csproj", "{B50A1067-785B-4686-8FFC-5AF424BEF163}"
	ProjectSection(ProjectDependencies) = postProject
		{8F5F8375-4097-4952-B860-784EB9961ABE} = {8F5F8375-4097-4952-B860-784EB9961ABE}
	EndProjectSection
EndProject
Project("{FAE04EC0-301F-11D3-BF4B-00C04F79EFBC}") = "NAnt.VisualCpp", "src\NAnt.VisualCpp\NAnt.VisualCpp.csproj", "{A154DB17-7263-44E3-838E-1E4C4946B7D8}"
	ProjectSection(ProjectDependencies) = postProject
		{8F5F8375-4097-4952-B860-784EB9961ABE} = {8F5F8375-4097-4952-B860-784EB9961ABE}
	EndProjectSection
EndProject
Project("{FAE04EC0-301F-11D3-BF4B-00C04F79EFBC}") = "NAnt.Compression", "src\NAnt.Compression\NAnt.Compression.csproj", "{8F80C098-94A4-44DB-A25D-C9E455FC3120}"
	ProjectSection(ProjectDependencies) = postProject
		{8F5F8375-4097-4952-B860-784EB9961ABE} = {8F5F8375-4097-4952-B860-784EB9961ABE}
	EndProjectSection
EndProject
Project("{FAE04EC0-301F-11D3-BF4B-00C04F79EFBC}") = "NDoc.Documenter.NAnt", "src\NDoc.Documenter.NAnt\NDoc.Documenter.NAnt.csproj", "{841FAEBA-4527-410A-B765-E2EDA47ABDCE}"
	ProjectSection(ProjectDependencies) = postProject
		{8F5F8375-4097-4952-B860-784EB9961ABE} = {8F5F8375-4097-4952-B860-784EB9961ABE}
	EndProjectSection
EndProject
Project("{FAE04EC0-301F-11D3-BF4B-00C04F79EFBC}") = "NAnt.Core", "src\NAnt.Core\NAnt.Core.csproj", "{8F5F8375-4097-4952-B860-784EB9961ABE}"
EndProject
Project("{FAE04EC0-301F-11D3-BF4B-00C04F79EFBC}") = "NAnt.NUnit", "src\NAnt.NUnit\NAnt.NUnit.csproj", "{00F5C075-9874-4BCE-909A-99C1F600E047}"
	ProjectSection(ProjectDependencies) = postProject
		{8F5F8375-4097-4952-B860-784EB9961ABE} = {8F5F8375-4097-4952-B860-784EB9961ABE}
	EndProjectSection
EndProject
Project("{FAE04EC0-301F-11D3-BF4B-00C04F79EFBC}") = "NAnt.NUnit2", "src\NAnt.NUnit\NUnit2\NAnt.NUnit2.csproj", "{47503BEE-27D9-4D1C-B8E1-6C9CCC19AEAA}"
	ProjectSection(ProjectDependencies) = postProject
		{00F5C075-9874-4BCE-909A-99C1F600E047} = {00F5C075-9874-4BCE-909A-99C1F600E047}
		{8F5F8375-4097-4952-B860-784EB9961ABE} = {8F5F8375-4097-4952-B860-784EB9961ABE}
	EndProjectSection
EndProject
Project("{FAE04EC0-301F-11D3-BF4B-00C04F79EFBC}") = "NAnt.NUnit1", "src\NAnt.NUnit\NUnit1\NAnt.NUnit1.csproj", "{0F3EA7A9-C5F6-4254-820C-B5E0409B5B9D}"
	ProjectSection(ProjectDependencies) = postProject
		{00F5C075-9874-4BCE-909A-99C1F600E047} = {00F5C075-9874-4BCE-909A-99C1F600E047}
		{8F5F8375-4097-4952-B860-784EB9961ABE} = {8F5F8375-4097-4952-B860-784EB9961ABE}
	EndProjectSection
EndProject
Project("{FAE04EC0-301F-11D3-BF4B-00C04F79EFBC}") = "NAnt.SourceControl", "src\NAnt.SourceControl\NAnt.SourceControl.csproj", "{6B2EC648-8D69-4096-B4F9-6EDC0B2F98EF}"
	ProjectSection(ProjectDependencies) = postProject
		{8F5F8375-4097-4952-B860-784EB9961ABE} = {8F5F8375-4097-4952-B860-784EB9961ABE}
	EndProjectSection
EndProject
Project("{FAE04EC0-301F-11D3-BF4B-00C04F79EFBC}") = "NAnt.Win32", "src\NAnt.Win32\NAnt.Win32.csproj", "{C66545A2-6FEC-4A38-937A-5B25E61EE8A1}"
	ProjectSection(ProjectDependencies) = postProject
		{8F5F8375-4097-4952-B860-784EB9961ABE} = {8F5F8375-4097-4952-B860-784EB9961ABE}
	EndProjectSection
EndProject
Project("{FAE04EC0-301F-11D3-BF4B-00C04F79EFBC}") = "NAnt.MSNet", "src\NAnt.MSNet\NAnt.MSNet.csproj", "{ED13C268-36DE-49CE-B347-C2BE03F814B9}"
EndProject
Project("{FAE04EC0-301F-11D3-BF4B-00C04F79EFBC}") = "NAnt.VSNet", "src\NAnt.VSNet\NAnt.VSNet.csproj", "{DD434690-B4DF-4BF9-91FE-F139A41E2474}"
EndProject
Project("{FAE04EC0-301F-11D3-BF4B-00C04F79EFBC}") = "NAnt.MSBuild", "src\NAnt.MSBuild\NAnt.MSBuild.csproj", "{318C04B2-D982-4243-9C6A-CA7E035E927D}"
EndProject
Project("{2150E333-8FDC-42A3-9474-1A3956D46DE8}") = "Solution Items", "Solution Items", "{B4486CE1-FAEA-4B20-B7DA-1A818759EA70}"
	ProjectSection(SolutionItems) = preProject
		Makefile = Makefile
		NAnt.build = NAnt.build
	EndProjectSection
EndProject
Global
	GlobalSection(SolutionConfigurationPlatforms) = preSolution
		Debug|Any CPU = Debug|Any CPU
		Release|Any CPU = Release|Any CPU
	EndGlobalSection
	GlobalSection(ProjectConfigurationPlatforms) = postSolution
		{00F5C075-9874-4BCE-909A-99C1F600E047}.Debug|Any CPU.ActiveCfg = Debug|Any CPU
		{00F5C075-9874-4BCE-909A-99C1F600E047}.Debug|Any CPU.Build.0 = Debug|Any CPU
		{00F5C075-9874-4BCE-909A-99C1F600E047}.Release|Any CPU.ActiveCfg = Release|Any CPU
		{00F5C075-9874-4BCE-909A-99C1F600E047}.Release|Any CPU.Build.0 = Release|Any CPU
		{0F3EA7A9-C5F6-4254-820C-B5E0409B5B9D}.Debug|Any CPU.ActiveCfg = Debug|Any CPU
		{0F3EA7A9-C5F6-4254-820C-B5E0409B5B9D}.Debug|Any CPU.Build.0 = Debug|Any CPU
		{0F3EA7A9-C5F6-4254-820C-B5E0409B5B9D}.Release|Any CPU.ActiveCfg = Release|Any CPU
		{0F3EA7A9-C5F6-4254-820C-B5E0409B5B9D}.Release|Any CPU.Build.0 = Release|Any CPU
		{318C04B2-D982-4243-9C6A-CA7E035E927D}.Debug|Any CPU.ActiveCfg = Debug|Any CPU
		{318C04B2-D982-4243-9C6A-CA7E035E927D}.Debug|Any CPU.Build.0 = Debug|Any CPU
		{318C04B2-D982-4243-9C6A-CA7E035E927D}.Release|Any CPU.ActiveCfg = Release|Any CPU
		{318C04B2-D982-4243-9C6A-CA7E035E927D}.Release|Any CPU.Build.0 = Release|Any CPU
		{47503BEE-27D9-4D1C-B8E1-6C9CCC19AEAA}.Debug|Any CPU.ActiveCfg = Debug|Any CPU
		{47503BEE-27D9-4D1C-B8E1-6C9CCC19AEAA}.Debug|Any CPU.Build.0 = Debug|Any CPU
		{47503BEE-27D9-4D1C-B8E1-6C9CCC19AEAA}.Release|Any CPU.ActiveCfg = Release|Any CPU
		{47503BEE-27D9-4D1C-B8E1-6C9CCC19AEAA}.Release|Any CPU.Build.0 = Release|Any CPU
		{6B2EC648-8D69-4096-B4F9-6EDC0B2F98EF}.Debug|Any CPU.ActiveCfg = Debug|Any CPU
		{6B2EC648-8D69-4096-B4F9-6EDC0B2F98EF}.Debug|Any CPU.Build.0 = Debug|Any CPU
		{6B2EC648-8D69-4096-B4F9-6EDC0B2F98EF}.Release|Any CPU.ActiveCfg = Release|Any CPU
		{6B2EC648-8D69-4096-B4F9-6EDC0B2F98EF}.Release|Any CPU.Build.0 = Release|Any CPU
		{841FAEBA-4527-410A-B765-E2EDA47ABDCE}.Debug|Any CPU.ActiveCfg = Debug|Any CPU
		{841FAEBA-4527-410A-B765-E2EDA47ABDCE}.Debug|Any CPU.Build.0 = Debug|Any CPU
		{841FAEBA-4527-410A-B765-E2EDA47ABDCE}.Release|Any CPU.ActiveCfg = Release|Any CPU
		{841FAEBA-4527-410A-B765-E2EDA47ABDCE}.Release|Any CPU.Build.0 = Release|Any CPU
		{859696F8-F405-4018-A155-D34561498A3E}.Debug|Any CPU.ActiveCfg = Debug|Any CPU
		{859696F8-F405-4018-A155-D34561498A3E}.Debug|Any CPU.Build.0 = Debug|Any CPU
		{859696F8-F405-4018-A155-D34561498A3E}.Release|Any CPU.ActiveCfg = Release|Any CPU
		{859696F8-F405-4018-A155-D34561498A3E}.Release|Any CPU.Build.0 = Release|Any CPU
		{8F5F8375-4097-4952-B860-784EB9961ABE}.Debug|Any CPU.ActiveCfg = Debug|Any CPU
		{8F5F8375-4097-4952-B860-784EB9961ABE}.Debug|Any CPU.Build.0 = Debug|Any CPU
		{8F5F8375-4097-4952-B860-784EB9961ABE}.Release|Any CPU.ActiveCfg = Release|Any CPU
		{8F5F8375-4097-4952-B860-784EB9961ABE}.Release|Any CPU.Build.0 = Release|Any CPU
		{8F80C098-94A4-44DB-A25D-C9E455FC3120}.Debug|Any CPU.ActiveCfg = Debug|Any CPU
		{8F80C098-94A4-44DB-A25D-C9E455FC3120}.Debug|Any CPU.Build.0 = Debug|Any CPU
		{8F80C098-94A4-44DB-A25D-C9E455FC3120}.Release|Any CPU.ActiveCfg = Release|Any CPU
		{8F80C098-94A4-44DB-A25D-C9E455FC3120}.Release|Any CPU.Build.0 = Release|Any CPU
		{A154DB17-7263-44E3-838E-1E4C4946B7D8}.Debug|Any CPU.ActiveCfg = Debug|Any CPU
		{A154DB17-7263-44E3-838E-1E4C4946B7D8}.Debug|Any CPU.Build.0 = Debug|Any CPU
		{A154DB17-7263-44E3-838E-1E4C4946B7D8}.Release|Any CPU.ActiveCfg = Release|Any CPU
		{A154DB17-7263-44E3-838E-1E4C4946B7D8}.Release|Any CPU.Build.0 = Release|Any CPU
		{B50A1067-785B-4686-8FFC-5AF424BEF163}.Debug|Any CPU.ActiveCfg = Debug|Any CPU
		{B50A1067-785B-4686-8FFC-5AF424BEF163}.Debug|Any CPU.Build.0 = Debug|Any CPU
		{B50A1067-785B-4686-8FFC-5AF424BEF163}.Release|Any CPU.ActiveCfg = Release|Any CPU
		{B50A1067-785B-4686-8FFC-5AF424BEF163}.Release|Any CPU.Build.0 = Release|Any CPU
		{C66545A2-6FEC-4A38-937A-5B25E61EE8A1}.Debug|Any CPU.ActiveCfg = Debug|Any CPU
		{C66545A2-6FEC-4A38-937A-5B25E61EE8A1}.Debug|Any CPU.Build.0 = Debug|Any CPU
		{C66545A2-6FEC-4A38-937A-5B25E61EE8A1}.Release|Any CPU.ActiveCfg = Release|Any CPU
		{C66545A2-6FEC-4A38-937A-5B25E61EE8A1}.Release|Any CPU.Build.0 = Release|Any CPU
		{DD434690-B4DF-4BF9-91FE-F139A41E2474}.Debug|Any CPU.ActiveCfg = Debug|Any CPU
		{DD434690-B4DF-4BF9-91FE-F139A41E2474}.Debug|Any CPU.Build.0 = Debug|Any CPU
		{DD434690-B4DF-4BF9-91FE-F139A41E2474}.Release|Any CPU.ActiveCfg = Release|Any CPU
		{DD434690-B4DF-4BF9-91FE-F139A41E2474}.Release|Any CPU.Build.0 = Release|Any CPU
		{ED13C268-36DE-49CE-B347-C2BE03F814B9}.Debug|Any CPU.ActiveCfg = Debug|Any CPU
		{ED13C268-36DE-49CE-B347-C2BE03F814B9}.Debug|Any CPU.Build.0 = Debug|Any CPU
		{ED13C268-36DE-49CE-B347-C2BE03F814B9}.Release|Any CPU.ActiveCfg = Release|Any CPU
		{ED13C268-36DE-49CE-B347-C2BE03F814B9}.Release|Any CPU.Build.0 = Release|Any CPU
		{F77EA08E-9473-436A-BBA3-880139A341B1}.Debug|Any CPU.ActiveCfg = Debug|Any CPU
		{F77EA08E-9473-436A-BBA3-880139A341B1}.Debug|Any CPU.Build.0 = Debug|Any CPU
		{F77EA08E-9473-436A-BBA3-880139A341B1}.Release|Any CPU.ActiveCfg = Release|Any CPU
		{F77EA08E-9473-436A-BBA3-880139A341B1}.Release|Any CPU.Build.0 = Release|Any CPU
	EndGlobalSection
	GlobalSection(NestedProjects) = preSolution
	EndGlobalSection
	GlobalSection(MonoDevelopProperties) = preSolution
		StartupItem = src\NAnt.Console\NAnt.Console.csproj
		Policies = $0
		$0.StandardHeader = $1
		$1.Text = @NAnt - A .NET build tool\nCopyright (C) 2001-${Year} Gerry Shaw\n\nThis program is free software; you can redistribute it and/or modify\nit under the terms of the GNU General Public License as published by\nthe Free Software Foundation; either version 2 of the License, or\n(at your option) any later version.\n\nThis program is distributed in the hope that it will be useful,\nbut WITHOUT ANY WARRANTY; without even the implied warranty of\nMERCHANTABILITY or FITNESS FOR A PARTICULAR PURPOSE.  See the\nGNU General Public License for more details.\n\nYou should have received a copy of the GNU General Public License\nalong with this program; if not, write to the Free Software\nFoundation, Inc., 59 Temple Place, Suite 330, Boston, MA  02111-1307  USA\n\n${AuthorName} (${AuthorEmail})
		$1.IncludeInNewFiles = True
	EndGlobalSection
	GlobalSection(SolutionProperties) = preSolution
		HideSolutionNode = FALSE
	EndGlobalSection
EndGlobal
