Microsoft Visual Studio Solution File, Format Version 7.00
Project("{FAE04EC0-301F-11D3-BF4B-00C04F79EFBC}") = "NAnt.Console", "Nant.Console\NAnt.Console.csproj", "{859696F8-F405-4018-A155-D34561498A3E}"
EndProject
Project("{FAE04EC0-301F-11D3-BF4B-00C04F79EFBC}") = "NAnt.Tests", "NAnt.Tests.csproj", "{F77EA08E-9473-436A-BBA3-880139A341B1}"
EndProject
Project("{FAE04EC0-301F-11D3-BF4B-00C04F79EFBC}") = "NAnt.DotNetTasks", "NAnt.DotNetTasks\NAnt.DotNetTasks.csproj", "{B50A1067-785B-4686-8FFC-5AF424BEF163}"
EndProject
Project("{FAE04EC0-301F-11D3-BF4B-00C04F79EFBC}") = "NAnt.VisualCppTasks", "NAnt.VisualCppTasks\NAnt.VisualCppTasks.csproj", "{A154DB17-7263-44E3-838E-1E4C4946B7D8}"
EndProject
Project("{FAE04EC0-301F-11D3-BF4B-00C04F79EFBC}") = "NAnt.ZipTasks", "NAnt.ZipTasks\NAnt.ZipTasks.csproj", "{8F80C098-94A4-44DB-A25D-C9E455FC3120}"
EndProject
Project("{FAE04EC0-301F-11D3-BF4B-00C04F79EFBC}") = "NDoc.Documenter.NAnt", "NDoc.Documenter.NAnt\NDoc.Documenter.NAnt.csproj", "{841FAEBA-4527-410A-B765-E2EDA47ABDCE}"
EndProject
Project("{FAE04EC0-301F-11D3-BF4B-00C04F79EFBC}") = "NAnt.Core", "NAnt.Core\NAnt.Core.csproj", "{8F5F8375-4097-4952-B860-784EB9961ABE}"
EndProject
Project("{FAE04EC0-301F-11D3-BF4B-00C04F79EFBC}") = "NAnt.NUnitFormatters", "NAnt.NUnitTasks\NAnt.NUnitFormatters.csproj", "{00F5C075-9874-4BCE-909A-99C1F600E047}"
EndProject
Project("{FAE04EC0-301F-11D3-BF4B-00C04F79EFBC}") = "NAnt.NUnit2Tasks", "NAnt.NUnitTasks\NUnit2\NAnt.NUnit2Tasks.csproj", "{47503BEE-27D9-4D1C-B8E1-6C9CCC19AEAA}"
EndProject
Project("{FAE04EC0-301F-11D3-BF4B-00C04F79EFBC}") = "NAnt.NUnit1Tasks", "NAnt.NUnitTasks\NUnit1\NAnt.NUnit1Tasks.csproj", "{0F3EA7A9-C5F6-4254-820C-B5E0409B5B9D}"
EndProject
Global
	GlobalSection(SolutionConfiguration) = preSolution
		ConfigName.0 = Debug
		ConfigName.1 = Debug Main NAnt BuildFile
		ConfigName.2 = Debug NAnt Tests
	EndGlobalSection
	GlobalSection(ProjectDependencies) = postSolution
		{F77EA08E-9473-436A-BBA3-880139A341B1}.0 = {8F80C098-94A4-44DB-A25D-C9E455FC3120}
		{F77EA08E-9473-436A-BBA3-880139A341B1}.1 = {A154DB17-7263-44E3-838E-1E4C4946B7D8}
		{F77EA08E-9473-436A-BBA3-880139A341B1}.2 = {B50A1067-785B-4686-8FFC-5AF424BEF163}
		{F77EA08E-9473-436A-BBA3-880139A341B1}.3 = {8F5F8375-4097-4952-B860-784EB9961ABE}
		{B50A1067-785B-4686-8FFC-5AF424BEF163}.0 = {8F5F8375-4097-4952-B860-784EB9961ABE}
		{A154DB17-7263-44E3-838E-1E4C4946B7D8}.0 = {8F5F8375-4097-4952-B860-784EB9961ABE}
		{8F80C098-94A4-44DB-A25D-C9E455FC3120}.0 = {8F5F8375-4097-4952-B860-784EB9961ABE}
		{841FAEBA-4527-410A-B765-E2EDA47ABDCE}.0 = {8F5F8375-4097-4952-B860-784EB9961ABE}
		{00F5C075-9874-4BCE-909A-99C1F600E047}.0 = {8F5F8375-4097-4952-B860-784EB9961ABE}
		{47503BEE-27D9-4D1C-B8E1-6C9CCC19AEAA}.0 = {00F5C075-9874-4BCE-909A-99C1F600E047}
		{47503BEE-27D9-4D1C-B8E1-6C9CCC19AEAA}.1 = {8F5F8375-4097-4952-B860-784EB9961ABE}
		{0F3EA7A9-C5F6-4254-820C-B5E0409B5B9D}.0 = {00F5C075-9874-4BCE-909A-99C1F600E047}
		{0F3EA7A9-C5F6-4254-820C-B5E0409B5B9D}.1 = {8F5F8375-4097-4952-B860-784EB9961ABE}
	EndGlobalSection
	GlobalSection(ProjectConfiguration) = postSolution
		{859696F8-F405-4018-A155-D34561498A3E}.Debug.ActiveCfg = Debug|.NET
		{859696F8-F405-4018-A155-D34561498A3E}.Debug.Build.0 = Debug|.NET
		{859696F8-F405-4018-A155-D34561498A3E}.Debug Main NAnt BuildFile.ActiveCfg = Debug Main NAnt BuildFile|.NET
		{859696F8-F405-4018-A155-D34561498A3E}.Debug Main NAnt BuildFile.Build.0 = Debug Main NAnt BuildFile|.NET
		{859696F8-F405-4018-A155-D34561498A3E}.Debug NAnt Tests.ActiveCfg = Debug NAnt Tests|.NET
		{859696F8-F405-4018-A155-D34561498A3E}.Debug NAnt Tests.Build.0 = Debug NAnt Tests|.NET
		{F77EA08E-9473-436A-BBA3-880139A341B1}.Debug.ActiveCfg = Debug|.NET
		{F77EA08E-9473-436A-BBA3-880139A341B1}.Debug.Build.0 = Debug|.NET
		{F77EA08E-9473-436A-BBA3-880139A341B1}.Debug Main NAnt BuildFile.ActiveCfg = Debug|.NET
		{F77EA08E-9473-436A-BBA3-880139A341B1}.Debug NAnt Tests.ActiveCfg = Debug|.NET
		{F77EA08E-9473-436A-BBA3-880139A341B1}.Debug NAnt Tests.Build.0 = Debug|.NET
		{B50A1067-785B-4686-8FFC-5AF424BEF163}.Debug.ActiveCfg = Debug|.NET
		{B50A1067-785B-4686-8FFC-5AF424BEF163}.Debug.Build.0 = Debug|.NET
		{B50A1067-785B-4686-8FFC-5AF424BEF163}.Debug Main NAnt BuildFile.ActiveCfg = Debug|.NET
		{B50A1067-785B-4686-8FFC-5AF424BEF163}.Debug Main NAnt BuildFile.Build.0 = Debug|.NET
		{B50A1067-785B-4686-8FFC-5AF424BEF163}.Debug NAnt Tests.ActiveCfg = Debug|.NET
		{B50A1067-785B-4686-8FFC-5AF424BEF163}.Debug NAnt Tests.Build.0 = Debug|.NET
		{A154DB17-7263-44E3-838E-1E4C4946B7D8}.Debug.ActiveCfg = Debug|.NET
		{A154DB17-7263-44E3-838E-1E4C4946B7D8}.Debug.Build.0 = Debug|.NET
		{A154DB17-7263-44E3-838E-1E4C4946B7D8}.Debug Main NAnt BuildFile.ActiveCfg = Debug|.NET
		{A154DB17-7263-44E3-838E-1E4C4946B7D8}.Debug Main NAnt BuildFile.Build.0 = Debug|.NET
		{A154DB17-7263-44E3-838E-1E4C4946B7D8}.Debug NAnt Tests.ActiveCfg = Debug|.NET
		{A154DB17-7263-44E3-838E-1E4C4946B7D8}.Debug NAnt Tests.Build.0 = Debug|.NET
		{8F80C098-94A4-44DB-A25D-C9E455FC3120}.Debug.ActiveCfg = Debug|.NET
		{8F80C098-94A4-44DB-A25D-C9E455FC3120}.Debug.Build.0 = Debug|.NET
		{8F80C098-94A4-44DB-A25D-C9E455FC3120}.Debug Main NAnt BuildFile.ActiveCfg = Debug|.NET
		{8F80C098-94A4-44DB-A25D-C9E455FC3120}.Debug Main NAnt BuildFile.Build.0 = Debug|.NET
		{8F80C098-94A4-44DB-A25D-C9E455FC3120}.Debug NAnt Tests.ActiveCfg = Debug|.NET
		{8F80C098-94A4-44DB-A25D-C9E455FC3120}.Debug NAnt Tests.Build.0 = Debug|.NET
		{841FAEBA-4527-410A-B765-E2EDA47ABDCE}.Debug.ActiveCfg = Debug|.NET
		{841FAEBA-4527-410A-B765-E2EDA47ABDCE}.Debug.Build.0 = Debug|.NET
		{841FAEBA-4527-410A-B765-E2EDA47ABDCE}.Debug Main NAnt BuildFile.ActiveCfg = Debug|.NET
		{841FAEBA-4527-410A-B765-E2EDA47ABDCE}.Debug NAnt Tests.ActiveCfg = Debug|.NET
		{841FAEBA-4527-410A-B765-E2EDA47ABDCE}.Debug NAnt Tests.Build.0 = Debug|.NET
		{8F5F8375-4097-4952-B860-784EB9961ABE}.Debug.ActiveCfg = Debug|.NET
		{8F5F8375-4097-4952-B860-784EB9961ABE}.Debug.Build.0 = Debug|.NET
		{8F5F8375-4097-4952-B860-784EB9961ABE}.Debug Main NAnt BuildFile.ActiveCfg = Debug|.NET
		{8F5F8375-4097-4952-B860-784EB9961ABE}.Debug Main NAnt BuildFile.Build.0 = Debug|.NET
		{8F5F8375-4097-4952-B860-784EB9961ABE}.Debug NAnt Tests.ActiveCfg = Debug|.NET
		{8F5F8375-4097-4952-B860-784EB9961ABE}.Debug NAnt Tests.Build.0 = Debug|.NET
		{00F5C075-9874-4BCE-909A-99C1F600E047}.Debug.ActiveCfg = Debug|.NET
		{00F5C075-9874-4BCE-909A-99C1F600E047}.Debug.Build.0 = Debug|.NET
		{00F5C075-9874-4BCE-909A-99C1F600E047}.Debug Main NAnt BuildFile.ActiveCfg = Debug|.NET
		{00F5C075-9874-4BCE-909A-99C1F600E047}.Debug Main NAnt BuildFile.Build.0 = Debug|.NET
		{00F5C075-9874-4BCE-909A-99C1F600E047}.Debug NAnt Tests.ActiveCfg = Debug|.NET
		{00F5C075-9874-4BCE-909A-99C1F600E047}.Debug NAnt Tests.Build.0 = Debug|.NET
		{47503BEE-27D9-4D1C-B8E1-6C9CCC19AEAA}.Debug.ActiveCfg = Debug|.NET
		{47503BEE-27D9-4D1C-B8E1-6C9CCC19AEAA}.Debug.Build.0 = Debug|.NET
		{47503BEE-27D9-4D1C-B8E1-6C9CCC19AEAA}.Debug Main NAnt BuildFile.ActiveCfg = Debug|.NET
		{47503BEE-27D9-4D1C-B8E1-6C9CCC19AEAA}.Debug Main NAnt BuildFile.Build.0 = Debug|.NET
		{47503BEE-27D9-4D1C-B8E1-6C9CCC19AEAA}.Debug NAnt Tests.ActiveCfg = Debug|.NET
		{47503BEE-27D9-4D1C-B8E1-6C9CCC19AEAA}.Debug NAnt Tests.Build.0 = Debug|.NET
		{0F3EA7A9-C5F6-4254-820C-B5E0409B5B9D}.Debug.ActiveCfg = Debug|.NET
		{0F3EA7A9-C5F6-4254-820C-B5E0409B5B9D}.Debug.Build.0 = Debug|.NET
		{0F3EA7A9-C5F6-4254-820C-B5E0409B5B9D}.Debug Main NAnt BuildFile.ActiveCfg = Debug|.NET
		{0F3EA7A9-C5F6-4254-820C-B5E0409B5B9D}.Debug Main NAnt BuildFile.Build.0 = Debug|.NET
		{0F3EA7A9-C5F6-4254-820C-B5E0409B5B9D}.Debug NAnt Tests.ActiveCfg = Debug|.NET
		{0F3EA7A9-C5F6-4254-820C-B5E0409B5B9D}.Debug NAnt Tests.Build.0 = Debug|.NET
	EndGlobalSection
	GlobalSection(SolutionItems) = postSolution
		Item:1 = ..\NAnt.build
		Item:2 = NAnt.DotNetTasks.build
		Item:3 = ..\bin\nant.exe.config
		Item:4 = NAnt.NUnitTasks.build
		Item:5 = NAnt.VisualCppTasks.build
		Item:6 = NAnt.ZipTasks.build
		Item:7 = ..\nightly.xml
		Item:8 = ..\release.xml
		Item:9 = ..\xsdTest.xml
	EndGlobalSection
	GlobalSection(ExtensibilityGlobals) = postSolution
	EndGlobalSection
	GlobalSection(ExtensibilityAddIns) = postSolution
	EndGlobalSection
EndGlobal
