Microsoft Visual Studio Solution File, Format Version 7.00
Project("{FAE04EC0-301F-11D3-BF4B-00C04F79EFBC}") = "NAnt.Console", "src\Nant.Console\NAnt.Console.csproj", "{859696F8-F405-4018-A155-D34561498A3E}"
EndProject
Project("{FAE04EC0-301F-11D3-BF4B-00C04F79EFBC}") = "NAnt.Tests", "tests\NAnt.Tests.csproj", "{F77EA08E-9473-436A-BBA3-880139A341B1}"
EndProject
Project("{FAE04EC0-301F-11D3-BF4B-00C04F79EFBC}") = "NAnt.DotNet", "src\NAnt.DotNet\NAnt.DotNet.csproj", "{B50A1067-785B-4686-8FFC-5AF424BEF163}"
EndProject
Project("{FAE04EC0-301F-11D3-BF4B-00C04F79EFBC}") = "NAnt.VisualCpp", "src\NAnt.VisualCpp\NAnt.VisualCpp.csproj", "{A154DB17-7263-44E3-838E-1E4C4946B7D8}"
EndProject
Project("{FAE04EC0-301F-11D3-BF4B-00C04F79EFBC}") = "NAnt.Zip", "src\NAnt.Zip\NAnt.Zip.csproj", "{8F80C098-94A4-44DB-A25D-C9E455FC3120}"
EndProject
Project("{FAE04EC0-301F-11D3-BF4B-00C04F79EFBC}") = "NDoc.Documenter.NAnt", "src\NDoc.Documenter.NAnt\NDoc.Documenter.NAnt.csproj", "{841FAEBA-4527-410A-B765-E2EDA47ABDCE}"
EndProject
Project("{FAE04EC0-301F-11D3-BF4B-00C04F79EFBC}") = "NAnt.Core", "src\NAnt.Core\NAnt.Core.csproj", "{8F5F8375-4097-4952-B860-784EB9961ABE}"
EndProject
Project("{FAE04EC0-301F-11D3-BF4B-00C04F79EFBC}") = "NAnt.NUnit", "src\NAnt.NUnit\NAnt.NUnit.csproj", "{00F5C075-9874-4BCE-909A-99C1F600E047}"
EndProject
Project("{FAE04EC0-301F-11D3-BF4B-00C04F79EFBC}") = "NAnt.NUnit2", "src\NAnt.NUnit\NUnit2\NAnt.NUnit2.csproj", "{47503BEE-27D9-4D1C-B8E1-6C9CCC19AEAA}"
EndProject
Project("{FAE04EC0-301F-11D3-BF4B-00C04F79EFBC}") = "NAnt.NUnit1", "src\NAnt.NUnit\NUnit1\NAnt.NUnit1.csproj", "{0F3EA7A9-C5F6-4254-820C-B5E0409B5B9D}"
EndProject
Project("{FAE04EC0-301F-11D3-BF4B-00C04F79EFBC}") = "NAnt.SourceControl", "src\NAnt.SourceControl\NAnt.SourceControl.csproj", "{6B2EC648-8D69-4096-B4F9-6EDC0B2F98EF}"
EndProject
Project("{FAE04EC0-301F-11D3-BF4B-00C04F79EFBC}") = "NAnt.Win32", "src\NAnt.Win32\NAnt.Win32.csproj", "{C66545A2-6FEC-4A38-937A-5B25E61EE8A1}"
EndProject
Project("{FAE04EC0-301F-11D3-BF4B-00C04F79EFBC}") = "NAnt.VSNet", "src\NAnt.VSNet\NAnt.VSNet.csproj", "{DD434690-B4DF-4BF9-91FE-F139A41E2474}"
EndProject
Global
	GlobalSection(SolutionConfiguration) = preSolution
		ConfigName.0 = Debug
		ConfigName.1 = Debug Main NAnt BuildFile
		ConfigName.2 = Debug NAnt Tests
	EndGlobalSection
	GlobalSection(ProjectDependencies) = postSolution
		{F77EA08E-9473-436A-BBA3-880139A341B1}.0 = {8F5F8375-4097-4952-B860-784EB9961ABE}
		{F77EA08E-9473-436A-BBA3-880139A341B1}.1 = {B50A1067-785B-4686-8FFC-5AF424BEF163}
		{F77EA08E-9473-436A-BBA3-880139A341B1}.2 = {A154DB17-7263-44E3-838E-1E4C4946B7D8}
		{F77EA08E-9473-436A-BBA3-880139A341B1}.3 = {8F80C098-94A4-44DB-A25D-C9E455FC3120}
		{B50A1067-785B-4686-8FFC-5AF424BEF163}.0 = {8F5F8375-4097-4952-B860-784EB9961ABE}
		{A154DB17-7263-44E3-838E-1E4C4946B7D8}.0 = {8F5F8375-4097-4952-B860-784EB9961ABE}
		{8F80C098-94A4-44DB-A25D-C9E455FC3120}.0 = {8F5F8375-4097-4952-B860-784EB9961ABE}
		{841FAEBA-4527-410A-B765-E2EDA47ABDCE}.0 = {8F5F8375-4097-4952-B860-784EB9961ABE}
		{00F5C075-9874-4BCE-909A-99C1F600E047}.0 = {8F5F8375-4097-4952-B860-784EB9961ABE}
		{47503BEE-27D9-4D1C-B8E1-6C9CCC19AEAA}.0 = {8F5F8375-4097-4952-B860-784EB9961ABE}
		{47503BEE-27D9-4D1C-B8E1-6C9CCC19AEAA}.1 = {00F5C075-9874-4BCE-909A-99C1F600E047}
		{0F3EA7A9-C5F6-4254-820C-B5E0409B5B9D}.0 = {8F5F8375-4097-4952-B860-784EB9961ABE}
		{0F3EA7A9-C5F6-4254-820C-B5E0409B5B9D}.1 = {00F5C075-9874-4BCE-909A-99C1F600E047}
		{C66545A2-6FEC-4A38-937A-5B25E61EE8A1}.0 = {8F5F8375-4097-4952-B860-784EB9961ABE}
		{6B2EC648-8D69-4096-B4F9-6EDC0B2F98EF}.0 = {8F5F8375-4097-4952-B860-784EB9961ABE}
	EndGlobalSection
	GlobalSection(ProjectConfiguration) = postSolution
		{859696F8-F405-4018-A155-D34561498A3E}.Debug.ActiveCfg = Debug|.NET
		{859696F8-F405-4018-A155-D34561498A3E}.Debug.Build.0 = Debug|.NET
		{859696F8-F405-4018-A155-D34561498A3E}.Debug Main NAnt BuildFile.ActiveCfg = Debug Main NAnt BuildFile|.NET
		{859696F8-F405-4018-A155-D34561498A3E}.Debug Main NAnt BuildFile.Build.0 = Debug Main NAnt BuildFile|.NET
		{859696F8-F405-4018-A155-D34561498A3E}.Debug NAnt Tests.ActiveCfg = Debug NAnt Tests|.NET
		{859696F8-F405-4018-A155-D34561498A3E}.Debug NAnt Tests.Build.0 = Debug NAnt Tests|.NET
		{F77EA08E-9473-436A-BBA3-880139A341B1}.Debug.ActiveCfg = Debug|.NET
		{F77EA08E-9473-436A-BBA3-880139A341B1}.Debug.Build.0 = Debug|.NET
		{F77EA08E-9473-436A-BBA3-880139A341B1}.Debug Main NAnt BuildFile.ActiveCfg = Debug|.NET
		{F77EA08E-9473-436A-BBA3-880139A341B1}.Debug Main NAnt BuildFile.Build.0 = Debug|.NET
		{F77EA08E-9473-436A-BBA3-880139A341B1}.Debug NAnt Tests.ActiveCfg = Debug|.NET
		{F77EA08E-9473-436A-BBA3-880139A341B1}.Debug NAnt Tests.Build.0 = Debug|.NET
		{B50A1067-785B-4686-8FFC-5AF424BEF163}.Debug.ActiveCfg = Debug|.NET
		{B50A1067-785B-4686-8FFC-5AF424BEF163}.Debug.Build.0 = Debug|.NET
		{B50A1067-785B-4686-8FFC-5AF424BEF163}.Debug Main NAnt BuildFile.ActiveCfg = Debug|.NET
		{B50A1067-785B-4686-8FFC-5AF424BEF163}.Debug Main NAnt BuildFile.Build.0 = Debug|.NET
		{B50A1067-785B-4686-8FFC-5AF424BEF163}.Debug NAnt Tests.ActiveCfg = Debug|.NET
		{B50A1067-785B-4686-8FFC-5AF424BEF163}.Debug NAnt Tests.Build.0 = Debug|.NET
		{A154DB17-7263-44E3-838E-1E4C4946B7D8}.Debug.ActiveCfg = Debug|.NET
		{A154DB17-7263-44E3-838E-1E4C4946B7D8}.Debug.Build.0 = Debug|.NET
		{A154DB17-7263-44E3-838E-1E4C4946B7D8}.Debug Main NAnt BuildFile.ActiveCfg = Debug|.NET
		{A154DB17-7263-44E3-838E-1E4C4946B7D8}.Debug Main NAnt BuildFile.Build.0 = Debug|.NET
		{A154DB17-7263-44E3-838E-1E4C4946B7D8}.Debug NAnt Tests.ActiveCfg = Debug|.NET
		{A154DB17-7263-44E3-838E-1E4C4946B7D8}.Debug NAnt Tests.Build.0 = Debug|.NET
		{8F80C098-94A4-44DB-A25D-C9E455FC3120}.Debug.ActiveCfg = Debug|.NET
		{8F80C098-94A4-44DB-A25D-C9E455FC3120}.Debug.Build.0 = Debug|.NET
		{8F80C098-94A4-44DB-A25D-C9E455FC3120}.Debug Main NAnt BuildFile.ActiveCfg = Debug|.NET
		{8F80C098-94A4-44DB-A25D-C9E455FC3120}.Debug Main NAnt BuildFile.Build.0 = Debug|.NET
		{8F80C098-94A4-44DB-A25D-C9E455FC3120}.Debug NAnt Tests.ActiveCfg = Debug|.NET
		{8F80C098-94A4-44DB-A25D-C9E455FC3120}.Debug NAnt Tests.Build.0 = Debug|.NET
		{841FAEBA-4527-410A-B765-E2EDA47ABDCE}.Debug.ActiveCfg = Debug|.NET
		{841FAEBA-4527-410A-B765-E2EDA47ABDCE}.Debug.Build.0 = Debug|.NET
		{841FAEBA-4527-410A-B765-E2EDA47ABDCE}.Debug Main NAnt BuildFile.ActiveCfg = Debug|.NET
		{841FAEBA-4527-410A-B765-E2EDA47ABDCE}.Debug Main NAnt BuildFile.Build.0 = Debug|.NET
		{841FAEBA-4527-410A-B765-E2EDA47ABDCE}.Debug NAnt Tests.ActiveCfg = Debug|.NET
		{841FAEBA-4527-410A-B765-E2EDA47ABDCE}.Debug NAnt Tests.Build.0 = Debug|.NET
		{8F5F8375-4097-4952-B860-784EB9961ABE}.Debug.ActiveCfg = Debug|.NET
		{8F5F8375-4097-4952-B860-784EB9961ABE}.Debug.Build.0 = Debug|.NET
		{8F5F8375-4097-4952-B860-784EB9961ABE}.Debug Main NAnt BuildFile.ActiveCfg = Debug|.NET
		{8F5F8375-4097-4952-B860-784EB9961ABE}.Debug Main NAnt BuildFile.Build.0 = Debug|.NET
		{8F5F8375-4097-4952-B860-784EB9961ABE}.Debug NAnt Tests.ActiveCfg = Debug|.NET
		{8F5F8375-4097-4952-B860-784EB9961ABE}.Debug NAnt Tests.Build.0 = Debug|.NET
		{00F5C075-9874-4BCE-909A-99C1F600E047}.Debug.ActiveCfg = Debug|.NET
		{00F5C075-9874-4BCE-909A-99C1F600E047}.Debug.Build.0 = Debug|.NET
		{00F5C075-9874-4BCE-909A-99C1F600E047}.Debug Main NAnt BuildFile.ActiveCfg = Debug|.NET
		{00F5C075-9874-4BCE-909A-99C1F600E047}.Debug Main NAnt BuildFile.Build.0 = Debug|.NET
		{00F5C075-9874-4BCE-909A-99C1F600E047}.Debug NAnt Tests.ActiveCfg = Debug|.NET
		{00F5C075-9874-4BCE-909A-99C1F600E047}.Debug NAnt Tests.Build.0 = Debug|.NET
		{47503BEE-27D9-4D1C-B8E1-6C9CCC19AEAA}.Debug.ActiveCfg = Debug|.NET
		{47503BEE-27D9-4D1C-B8E1-6C9CCC19AEAA}.Debug.Build.0 = Debug|.NET
		{47503BEE-27D9-4D1C-B8E1-6C9CCC19AEAA}.Debug Main NAnt BuildFile.ActiveCfg = Debug|.NET
		{47503BEE-27D9-4D1C-B8E1-6C9CCC19AEAA}.Debug Main NAnt BuildFile.Build.0 = Debug|.NET
		{47503BEE-27D9-4D1C-B8E1-6C9CCC19AEAA}.Debug NAnt Tests.ActiveCfg = Debug|.NET
		{47503BEE-27D9-4D1C-B8E1-6C9CCC19AEAA}.Debug NAnt Tests.Build.0 = Debug|.NET
		{0F3EA7A9-C5F6-4254-820C-B5E0409B5B9D}.Debug.ActiveCfg = Debug|.NET
		{0F3EA7A9-C5F6-4254-820C-B5E0409B5B9D}.Debug.Build.0 = Debug|.NET
		{0F3EA7A9-C5F6-4254-820C-B5E0409B5B9D}.Debug Main NAnt BuildFile.ActiveCfg = Debug|.NET
		{0F3EA7A9-C5F6-4254-820C-B5E0409B5B9D}.Debug Main NAnt BuildFile.Build.0 = Debug|.NET
		{0F3EA7A9-C5F6-4254-820C-B5E0409B5B9D}.Debug NAnt Tests.ActiveCfg = Debug|.NET
		{0F3EA7A9-C5F6-4254-820C-B5E0409B5B9D}.Debug NAnt Tests.Build.0 = Debug|.NET

		{6B2EC648-8D69-4096-B4F9-6EDC0B2F98EF}.Debug.ActiveCfg = Debug|.NET
		{6B2EC648-8D69-4096-B4F9-6EDC0B2F98EF}.Debug.Build.0 = Debug|.NET
		{6B2EC648-8D69-4096-B4F9-6EDC0B2F98EF}.Debug Main NAnt BuildFile.ActiveCfg = Debug|.NET
		{6B2EC648-8D69-4096-B4F9-6EDC0B2F98EF}.Debug Main NAnt BuildFile.Build.0 = Debug|.NET
		{6B2EC648-8D69-4096-B4F9-6EDC0B2F98EF}.Debug NAnt Tests.ActiveCfg = Debug|.NET
		{6B2EC648-8D69-4096-B4F9-6EDC0B2F98EF}.Debug NAnt Tests.Build.0 = Debug|.NET

		{C66545A2-6FEC-4A38-937A-5B25E61EE8A1}.Debug.ActiveCfg = Debug|.NET
		{C66545A2-6FEC-4A38-937A-5B25E61EE8A1}.Debug.Build.0 = Debug|.NET
		{C66545A2-6FEC-4A38-937A-5B25E61EE8A1}.Debug Main NAnt BuildFile.ActiveCfg = Debug|.NET
		{C66545A2-6FEC-4A38-937A-5B25E61EE8A1}.Debug Main NAnt BuildFile.Build.0 = Debug|.NET
		{C66545A2-6FEC-4A38-937A-5B25E61EE8A1}.Debug NAnt Tests.ActiveCfg = Debug|.NET
		{C66545A2-6FEC-4A38-937A-5B25E61EE8A1}.Debug NAnt Tests.Build.0 = Debug|.NET
		{DD434690-B4DF-4BF9-91FE-F139A41E2474}.Debug.ActiveCfg = Debug|.NET
		{DD434690-B4DF-4BF9-91FE-F139A41E2474}.Debug.Build.0 = Debug|.NET
		{DD434690-B4DF-4BF9-91FE-F139A41E2474}.Debug Main NAnt BuildFile.ActiveCfg = Debug Main NAnt BuildFile|.NET
		{DD434690-B4DF-4BF9-91FE-F139A41E2474}.Debug Main NAnt BuildFile.Build.0 = Debug Main NAnt BuildFile|.NET
		{DD434690-B4DF-4BF9-91FE-F139A41E2474}.Debug NAnt Tests.ActiveCfg = Debug Main NAnt BuildFile|.NET
		{DD434690-B4DF-4BF9-91FE-F139A41E2474}.Debug NAnt Tests.Build.0 = Debug Main NAnt BuildFile|.NET
	EndGlobalSection
	GlobalSection(SolutionItems) = postSolution
		Item:1 = Makefile
		Item:2 = NAnt.build
		Item:3 = bin\nant.exe.config
		Item:4 = nightly.xml
		Item:5 = release.xml
	EndGlobalSection
	GlobalSection(ExtensibilityGlobals) = postSolution
	EndGlobalSection
	GlobalSection(ExtensibilityAddIns) = postSolution
	EndGlobalSection
EndGlobal
